
Microsoft Visual Studio Solution File, Format Version 12.00
# Visual Studio 2017
Project("{FAE04EC0-301F-11D3-BF4B-00C04F79EFBC}") = "Snowman.Plugins", "Snowman.Plugins.csproj", "{8B3D8F03-8313-6FD1-38A9-0FBE8C0C9A26}"
EndProject
Project("{FAE04EC0-301F-11D3-BF4B-00C04F79EFBC}") = "Snowman", "Snowman.csproj", "{955C3A62-6013-E076-A157-87121908F7C4}"
EndProject
Project("{FAE04EC0-301F-11D3-BF4B-00C04F79EFBC}") = "Snowman.Editor.Plugins", "Snowman.Editor.Plugins.csproj", "{06ADBB70-E901-8309-0D85-425DAC173419}"
EndProject
Global
	GlobalSection(SolutionConfigurationPlatforms) = preSolution
		Debug|Any CPU = Debug|Any CPU
		Release|Any CPU = Release|Any CPU
	EndGlobalSection
	GlobalSection(ProjectConfigurationPlatforms) = postSolution
		{8B3D8F03-8313-6FD1-38A9-0FBE8C0C9A26}.Debug|Any CPU.ActiveCfg = Debug|Any CPU
		{8B3D8F03-8313-6FD1-38A9-0FBE8C0C9A26}.Debug|Any CPU.Build.0 = Debug|Any CPU
		{8B3D8F03-8313-6FD1-38A9-0FBE8C0C9A26}.Release|Any CPU.ActiveCfg = Release|Any CPU
		{8B3D8F03-8313-6FD1-38A9-0FBE8C0C9A26}.Release|Any CPU.Build.0 = Release|Any CPU
		{955C3A62-6013-E076-A157-87121908F7C4}.Debug|Any CPU.ActiveCfg = Debug|Any CPU
		{955C3A62-6013-E076-A157-87121908F7C4}.Debug|Any CPU.Build.0 = Debug|Any CPU
		{955C3A62-6013-E076-A157-87121908F7C4}.Release|Any CPU.ActiveCfg = Release|Any CPU
		{955C3A62-6013-E076-A157-87121908F7C4}.Release|Any CPU.Build.0 = Release|Any CPU
		{06ADBB70-E901-8309-0D85-425DAC173419}.Debug|Any CPU.ActiveCfg = Debug|Any CPU
		{06ADBB70-E901-8309-0D85-425DAC173419}.Debug|Any CPU.Build.0 = Debug|Any CPU
		{06ADBB70-E901-8309-0D85-425DAC173419}.Release|Any CPU.ActiveCfg = Release|Any CPU
		{06ADBB70-E901-8309-0D85-425DAC173419}.Release|Any CPU.Build.0 = Release|Any CPU
	EndGlobalSection
	GlobalSection(SolutionProperties) = preSolution
		HideSolutionNode = FALSE
	EndGlobalSection
EndGlobal
